
Microsoft Visual Studio Solution File, Format Version 12.00
# Visual Studio Version 17
VisualStudioVersion = 17.10.35004.147
MinimumVisualStudioVersion = 10.0.40219.1
Project("{FAE04EC0-301F-11D3-BF4B-00C04F79EFBC}") = "aspnetcrud", "aspnetcrud\aspnetcrud.csproj", "{6B67113D-84F8-4A3D-BA8B-56A98CD149AB}"
EndProject
Global
	GlobalSection(SolutionConfigurationPlatforms) = preSolution
		Debug|Any CPU = Debug|Any CPU
		Release|Any CPU = Release|Any CPU
	EndGlobalSection
	GlobalSection(ProjectConfigurationPlatforms) = postSolution
		{6B67113D-84F8-4A3D-BA8B-56A98CD149AB}.Debug|Any CPU.ActiveCfg = Debug|Any CPU
		{6B67113D-84F8-4A3D-BA8B-56A98CD149AB}.Debug|Any CPU.Build.0 = Debug|Any CPU
		{6B67113D-84F8-4A3D-BA8B-56A98CD149AB}.Release|Any CPU.ActiveCfg = Release|Any CPU
		{6B67113D-84F8-4A3D-BA8B-56A98CD149AB}.Release|Any CPU.Build.0 = Release|Any CPU
	EndGlobalSection
	GlobalSection(SolutionProperties) = preSolution
		HideSolutionNode = FALSE
	EndGlobalSection
	GlobalSection(ExtensibilityGlobals) = postSolution
		SolutionGuid = {B3443577-9570-4814-84A6-2B48828FAFD3}
	EndGlobalSection
EndGlobal
